
Microsoft Visual Studio Solution File, Format Version 12.00
# Visual Studio Version 16
VisualStudioVersion = 16.0.30320.27
MinimumVisualStudioVersion = 10.0.40219.1
Project("{FAE04EC0-301F-11D3-BF4B-00C04F79EFBC}") = "Week2Lesson4", "Week2Lesson4\Week2Lesson4.csproj", "{B053D0CE-6591-410E-A3E0-B4E44C487831}"
EndProject
Global
	GlobalSection(SolutionConfigurationPlatforms) = preSolution
		Debug|Any CPU = Debug|Any CPU
		Release|Any CPU = Release|Any CPU
	EndGlobalSection
	GlobalSection(ProjectConfigurationPlatforms) = postSolution
		{B053D0CE-6591-410E-A3E0-B4E44C487831}.Debug|Any CPU.ActiveCfg = Debug|Any CPU
		{B053D0CE-6591-410E-A3E0-B4E44C487831}.Debug|Any CPU.Build.0 = Debug|Any CPU
		{B053D0CE-6591-410E-A3E0-B4E44C487831}.Release|Any CPU.ActiveCfg = Release|Any CPU
		{B053D0CE-6591-410E-A3E0-B4E44C487831}.Release|Any CPU.Build.0 = Release|Any CPU
	EndGlobalSection
	GlobalSection(SolutionProperties) = preSolution
		HideSolutionNode = FALSE
	EndGlobalSection
	GlobalSection(ExtensibilityGlobals) = postSolution
		SolutionGuid = {3F9726F0-A42C-4C09-8B0D-8D1D1687B965}
	EndGlobalSection
EndGlobal
